
Microsoft Visual Studio Solution File, Format Version 12.00
# Visual Studio Version 16
VisualStudioVersion = 16.0.32802.399
MinimumVisualStudioVersion = 10.0.40219.1
Project("{FAE04EC0-301F-11D3-BF4B-00C04F79EFBC}") = "RestWithASPNETUdemy", "RestWithASPNETUdemy\RestWithASPNETUdemy.csproj", "{262D5B97-A0D0-4259-A755-D0DB92AA42C9}"
EndProject
Global
	GlobalSection(SolutionConfigurationPlatforms) = preSolution
		Debug|Any CPU = Debug|Any CPU
		Release|Any CPU = Release|Any CPU
	EndGlobalSection
	GlobalSection(ProjectConfigurationPlatforms) = postSolution
		{262D5B97-A0D0-4259-A755-D0DB92AA42C9}.Debug|Any CPU.ActiveCfg = Debug|Any CPU
		{262D5B97-A0D0-4259-A755-D0DB92AA42C9}.Debug|Any CPU.Build.0 = Debug|Any CPU
		{262D5B97-A0D0-4259-A755-D0DB92AA42C9}.Release|Any CPU.ActiveCfg = Release|Any CPU
		{262D5B97-A0D0-4259-A755-D0DB92AA42C9}.Release|Any CPU.Build.0 = Release|Any CPU
	EndGlobalSection
	GlobalSection(SolutionProperties) = preSolution
		HideSolutionNode = FALSE
	EndGlobalSection
	GlobalSection(ExtensibilityGlobals) = postSolution
		SolutionGuid = {BEB140A6-9376-4427-AE7B-01F9FD6B7F0D}
	EndGlobalSection
EndGlobal
